
Microsoft Visual Studio Solution File, Format Version 12.00
# Visual Studio Version 17
VisualStudioVersion = 17.7.34009.444
MinimumVisualStudioVersion = 10.0.40219.1
Project("{FAE04EC0-301F-11D3-BF4B-00C04F79EFBC}") = "UnitOfWork", "UnitOfWork\UnitOfWork.csproj", "{E07BC5C8-3CFE-4747-BD18-EEEDA81BC4CE}"
EndProject
Global
	GlobalSection(SolutionConfigurationPlatforms) = preSolution
		Debug|Any CPU = Debug|Any CPU
		Release|Any CPU = Release|Any CPU
	EndGlobalSection
	GlobalSection(ProjectConfigurationPlatforms) = postSolution
		{E07BC5C8-3CFE-4747-BD18-EEEDA81BC4CE}.Debug|Any CPU.ActiveCfg = Debug|Any CPU
		{E07BC5C8-3CFE-4747-BD18-EEEDA81BC4CE}.Debug|Any CPU.Build.0 = Debug|Any CPU
		{E07BC5C8-3CFE-4747-BD18-EEEDA81BC4CE}.Release|Any CPU.ActiveCfg = Release|Any CPU
		{E07BC5C8-3CFE-4747-BD18-EEEDA81BC4CE}.Release|Any CPU.Build.0 = Release|Any CPU
	EndGlobalSection
	GlobalSection(SolutionProperties) = preSolution
		HideSolutionNode = FALSE
	EndGlobalSection
	GlobalSection(ExtensibilityGlobals) = postSolution
		SolutionGuid = {2D1B287D-439E-45E9-B78D-FAEC817202D0}
	EndGlobalSection
EndGlobal
